
Microsoft Visual Studio Solution File, Format Version 12.00
# Visual Studio Version 18
VisualStudioVersion = 18.1.11304.174
MinimumVisualStudioVersion = 10.0.40219.1
Project("{FAE04EC0-301F-11D3-BF4B-00C04F79EFBC}") = "HealthManager", "HealthManager\HealthManager.csproj", "{7B073149-4151-4784-8D68-ED89E626BE45}"
EndProject
Project("{FAE04EC0-301F-11D3-BF4B-00C04F79EFBC}") = "HealthManagerUnitTests", "HealthManagerTest\HealthManagerUnitTests.csproj", "{A47684C5-5DA2-40B6-A4B8-B72C3C202461}"
EndProject
Project("{FAE04EC0-301F-11D3-BF4B-00C04F79EFBC}") = "HealthManagerIntegrationTests", "HealthManager.IntegrationTests\HealthManagerIntegrationTests.csproj", "{4DAE1B7A-8E4F-4153-A11B-05A57DC843F7}"
EndProject
Global
	GlobalSection(SolutionConfigurationPlatforms) = preSolution
		Debug|Any CPU = Debug|Any CPU
		Release|Any CPU = Release|Any CPU
	EndGlobalSection
	GlobalSection(ProjectConfigurationPlatforms) = postSolution
		{7B073149-4151-4784-8D68-ED89E626BE45}.Debug|Any CPU.ActiveCfg = Debug|Any CPU
		{7B073149-4151-4784-8D68-ED89E626BE45}.Debug|Any CPU.Build.0 = Debug|Any CPU
		{7B073149-4151-4784-8D68-ED89E626BE45}.Release|Any CPU.ActiveCfg = Release|Any CPU
		{7B073149-4151-4784-8D68-ED89E626BE45}.Release|Any CPU.Build.0 = Release|Any CPU
		{A47684C5-5DA2-40B6-A4B8-B72C3C202461}.Debug|Any CPU.ActiveCfg = Debug|Any CPU
		{A47684C5-5DA2-40B6-A4B8-B72C3C202461}.Debug|Any CPU.Build.0 = Debug|Any CPU
		{A47684C5-5DA2-40B6-A4B8-B72C3C202461}.Release|Any CPU.ActiveCfg = Release|Any CPU
		{A47684C5-5DA2-40B6-A4B8-B72C3C202461}.Release|Any CPU.Build.0 = Release|Any CPU
		{4DAE1B7A-8E4F-4153-A11B-05A57DC843F7}.Debug|Any CPU.ActiveCfg = Debug|Any CPU
		{4DAE1B7A-8E4F-4153-A11B-05A57DC843F7}.Debug|Any CPU.Build.0 = Debug|Any CPU
		{4DAE1B7A-8E4F-4153-A11B-05A57DC843F7}.Release|Any CPU.ActiveCfg = Release|Any CPU
		{4DAE1B7A-8E4F-4153-A11B-05A57DC843F7}.Release|Any CPU.Build.0 = Release|Any CPU
	EndGlobalSection
	GlobalSection(SolutionProperties) = preSolution
		HideSolutionNode = FALSE
	EndGlobalSection
	GlobalSection(ExtensibilityGlobals) = postSolution
		SolutionGuid = {B7C1A928-F7D1-4216-BF9B-7C9EDABFD020}
	EndGlobalSection
EndGlobal
